// !$*UTF8*$!
{
	archiveVersion = 1;
	classes = {
	};
	objectVersion = 50;
	objects = {

/* Begin PBXBuildFile section */
		052B707D2541105100307C30 /* AppDelegate.swift in Sources */ = {isa = PBXBuildFile; fileRef = 052B707C2541105100307C30 /* AppDelegate.swift */; };
		052B707F2541105100307C30 /* SceneDelegate.swift in Sources */ = {isa = PBXBuildFile; fileRef = 052B707E2541105100307C30 /* SceneDelegate.swift */; };
		052B70812541105100307C30 /* ContentView.swift in Sources */ = {isa = PBXBuildFile; fileRef = 052B70802541105100307C30 /* ContentView.swift */; };
		052B70832541105500307C30 /* Assets.xcassets in Resources */ = {isa = PBXBuildFile; fileRef = 052B70822541105500307C30 /* Assets.xcassets */; };
		052B70862541105500307C30 /* Preview Assets.xcassets in Resources */ = {isa = PBXBuildFile; fileRef = 052B70852541105500307C30 /* Preview Assets.xcassets */; };
		052B70892541105500307C30 /* LaunchScreen.storyboard in Resources */ = {isa = PBXBuildFile; fileRef = 052B70872541105500307C30 /* LaunchScreen.storyboard */; };
		052B70942541105500307C30 /* CodableCombineTests.swift in Sources */ = {isa = PBXBuildFile; fileRef = 052B70932541105500307C30 /* CodableCombineTests.swift */; };
		052B709F2541105500307C30 /* CodableCombineUITests.swift in Sources */ = {isa = PBXBuildFile; fileRef = 052B709E2541105500307C30 /* CodableCombineUITests.swift */; };
/* End PBXBuildFile section */

/* Begin PBXContainerItemProxy section */
		052B70902541105500307C30 /* PBXContainerItemProxy */ = {
			isa = PBXContainerItemProxy;
			containerPortal = 052B70712541105100307C30 /* Project object */;
			proxyType = 1;
			remoteGlobalIDString = 052B70782541105100307C30;
			remoteInfo = CodableCombine;
		};
		052B709B2541105500307C30 /* PBXContainerItemProxy */ = {
			isa = PBXContainerItemProxy;
			containerPortal = 052B70712541105100307C30 /* Project object */;
			proxyType = 1;
			remoteGlobalIDString = 052B70782541105100307C30;
			remoteInfo = CodableCombine;
		};
/* End PBXContainerItemProxy section */

/* Begin PBXFileReference section */
		052B70792541105100307C30 /* CodableCombine.app */ = {isa = PBXFileReference; explicitFileType = wrapper.application; includeInIndex = 0; path = CodableCombine.app; sourceTree = BUILT_PRODUCTS_DIR; };
		052B707C2541105100307C30 /* AppDelegate.swift */ = {isa = PBXFileReference; lastKnownFileType = sourcecode.swift; path = AppDelegate.swift; sourceTree = "<group>"; };
		052B707E2541105100307C30 /* SceneDelegate.swift */ = {isa = PBXFileReference; lastKnownFileType = sourcecode.swift; path = SceneDelegate.swift; sourceTree = "<group>"; };
		052B70802541105100307C30 /* ContentView.swift */ = {isa = PBXFileReference; lastKnownFileType = sourcecode.swift; path = ContentView.swift; sourceTree = "<group>"; };
		052B70822541105500307C30 /* Assets.xcassets */ = {isa = PBXFileReference; lastKnownFileType = folder.assetcatalog; path = Assets.xcassets; sourceTree = "<group>"; };
		052B70852541105500307C30 /* Preview Assets.xcassets */ = {isa = PBXFileReference; lastKnownFileType = folder.assetcatalog; path = "Preview Assets.xcassets"; sourceTree = "<group>"; };
		052B70882541105500307C30 /* Base */ = {isa = PBXFileReference; lastKnownFileType = file.storyboard; name = Base; path = Base.lproj/LaunchScreen.storyboard; sourceTree = "<group>"; };
		052B708A2541105500307C30 /* Info.plist */ = {isa = PBXFileReference; lastKnownFileType = text.plist.xml; path = Info.plist; sourceTree = "<group>"; };
		052B708F2541105500307C30 /* CodableCombineTests.xctest */ = {isa = PBXFileReference; explicitFileType = wrapper.cfbundle; includeInIndex = 0; path = CodableCombineTests.xctest; sourceTree = BUILT_PRODUCTS_DIR; };
		052B70932541105500307C30 /* CodableCombineTests.swift */ = {isa = PBXFileReference; lastKnownFileType = sourcecode.swift; path = CodableCombineTests.swift; sourceTree = "<group>"; };
		052B70952541105500307C30 /* Info.plist */ = {isa = PBXFileReference; lastKnownFileType = text.plist.xml; path = Info.plist; sourceTree = "<group>"; };
		052B709A2541105500307C30 /* CodableCombineUITests.xctest */ = {isa = PBXFileReference; explicitFileType = wrapper.cfbundle; includeInIndex = 0; path = CodableCombineUITests.xctest; sourceTree = BUILT_PRODUCTS_DIR; };
		052B709E2541105500307C30 /* CodableCombineUITests.swift */ = {isa = PBXFileReference; lastKnownFileType = sourcecode.swift; path = CodableCombineUITests.swift; sourceTree = "<group>"; };
		052B70A02541105500307C30 /* Info.plist */ = {isa = PBXFileReference; lastKnownFileType = text.plist.xml; path = Info.plist; sourceTree = "<group>"; };
/* End PBXFileReference section */

/* Begin PBXFrameworksBuildPhase section */
		052B70762541105100307C30 /* Frameworks */ = {
			isa = PBXFrameworksBuildPhase;
			buildActionMask = 2147483647;
			files = (
			);
			runOnlyForDeploymentPostprocessing = 0;
		};
		052B708C2541105500307C30 /* Frameworks */ = {
			isa = PBXFrameworksBuildPhase;
			buildActionMask = 2147483647;
			files = (
			);
			runOnlyForDeploymentPostprocessing = 0;
		};
		052B70972541105500307C30 /* Frameworks */ = {
			isa = PBXFrameworksBuildPhase;
			buildActionMask = 2147483647;
			files = (
			);
			runOnlyForDeploymentPostprocessing = 0;
		};
/* End PBXFrameworksBuildPhase section */

/* Begin PBXGroup section */
		052B70702541105100307C30 = {
			isa = PBXGroup;
			children = (
				052B707B2541105100307C30 /* CodableCombine */,
				052B70922541105500307C30 /* CodableCombineTests */,
				052B709D2541105500307C30 /* CodableCombineUITests */,
				052B707A2541105100307C30 /* Products */,
			);
			sourceTree = "<group>";
		};
		052B707A2541105100307C30 /* Products */ = {
			isa = PBXGroup;
			children = (
				052B70792541105100307C30 /* CodableCombine.app */,
				052B708F2541105500307C30 /* CodableCombineTests.xctest */,
				052B709A2541105500307C30 /* CodableCombineUITests.xctest */,
			);
			name = Products;
			sourceTree = "<group>";
		};
		052B707B2541105100307C30 /* CodableCombine */ = {
			isa = PBXGroup;
			children = (
				052B707C2541105100307C30 /* AppDelegate.swift */,
				052B707E2541105100307C30 /* SceneDelegate.swift */,
				052B70802541105100307C30 /* ContentView.swift */,
				052B70822541105500307C30 /* Assets.xcassets */,
				052B70872541105500307C30 /* LaunchScreen.storyboard */,
				052B708A2541105500307C30 /* Info.plist */,
				052B70842541105500307C30 /* Preview Content */,
			);
			path = CodableCombine;
			sourceTree = "<group>";
		};
		052B70842541105500307C30 /* Preview Content */ = {
			isa = PBXGroup;
			children = (
				052B70852541105500307C30 /* Preview Assets.xcassets */,
			);
			path = "Preview Content";
			sourceTree = "<group>";
		};
		052B70922541105500307C30 /* CodableCombineTests */ = {
			isa = PBXGroup;
			children = (
				052B70932541105500307C30 /* CodableCombineTests.swift */,
				052B70952541105500307C30 /* Info.plist */,
			);
			path = CodableCombineTests;
			sourceTree = "<group>";
		};
		052B709D2541105500307C30 /* CodableCombineUITests */ = {
			isa = PBXGroup;
			children = (
				052B709E2541105500307C30 /* CodableCombineUITests.swift */,
				052B70A02541105500307C30 /* Info.plist */,
			);
			path = CodableCombineUITests;
			sourceTree = "<group>";
		};
/* End PBXGroup section */

/* Begin PBXNativeTarget section */
		052B70782541105100307C30 /* CodableCombine */ = {
			isa = PBXNativeTarget;
			buildConfigurationList = 052B70A32541105500307C30 /* Build configuration list for PBXNativeTarget "CodableCombine" */;
			buildPhases = (
				052B70752541105100307C30 /* Sources */,
				052B70762541105100307C30 /* Frameworks */,
				052B70772541105100307C30 /* Resources */,
			);
			buildRules = (
			);
			dependencies = (
			);
			name = CodableCombine;
			productName = CodableCombine;
			productReference = 052B70792541105100307C30 /* CodableCombine.app */;
			productType = "com.apple.product-type.application";
		};
		052B708E2541105500307C30 /* CodableCombineTests */ = {
			isa = PBXNativeTarget;
			buildConfigurationList = 052B70A62541105500307C30 /* Build configuration list for PBXNativeTarget "CodableCombineTests" */;
			buildPhases = (
				052B708B2541105500307C30 /* Sources */,
				052B708C2541105500307C30 /* Frameworks */,
				052B708D2541105500307C30 /* Resources */,
			);
			buildRules = (
			);
			dependencies = (
				052B70912541105500307C30 /* PBXTargetDependency */,
			);
			name = CodableCombineTests;
			productName = CodableCombineTests;
			productReference = 052B708F2541105500307C30 /* CodableCombineTests.xctest */;
			productType = "com.apple.product-type.bundle.unit-test";
		};
		052B70992541105500307C30 /* CodableCombineUITests */ = {
			isa = PBXNativeTarget;
			buildConfigurationList = 052B70A92541105500307C30 /* Build configuration list for PBXNativeTarget "CodableCombineUITests" */;
			buildPhases = (
				052B70962541105500307C30 /* Sources */,
				052B70972541105500307C30 /* Frameworks */,
				052B70982541105500307C30 /* Resources */,
			);
			buildRules = (
			);
			dependencies = (
				052B709C2541105500307C30 /* PBXTargetDependency */,
			);
			name = CodableCombineUITests;
			productName = CodableCombineUITests;
			productReference = 052B709A2541105500307C30 /* CodableCombineUITests.xctest */;
			productType = "com.apple.product-type.bundle.ui-testing";
		};
/* End PBXNativeTarget section */

/* Begin PBXProject section */
		052B70712541105100307C30 /* Project object */ = {
			isa = PBXProject;
			attributes = {
				LastSwiftUpdateCheck = 1200;
				LastUpgradeCheck = 1200;
				TargetAttributes = {
					052B70782541105100307C30 = {
						CreatedOnToolsVersion = 12.0.1;
					};
					052B708E2541105500307C30 = {
						CreatedOnToolsVersion = 12.0.1;
						TestTargetID = 052B70782541105100307C30;
					};
					052B70992541105500307C30 = {
						CreatedOnToolsVersion = 12.0.1;
						TestTargetID = 052B70782541105100307C30;
					};
				};
			};
			buildConfigurationList = 052B70742541105100307C30 /* Build configuration list for PBXProject "CodableCombine" */;
			compatibilityVersion = "Xcode 9.3";
			developmentRegion = en;
			hasScannedForEncodings = 0;
			knownRegions = (
				en,
				Base,
			);
			mainGroup = 052B70702541105100307C30;
			productRefGroup = 052B707A2541105100307C30 /* Products */;
			projectDirPath = "";
			projectRoot = "";
			targets = (
				052B70782541105100307C30 /* CodableCombine */,
				052B708E2541105500307C30 /* CodableCombineTests */,
				052B70992541105500307C30 /* CodableCombineUITests */,
			);
		};
/* End PBXProject section */

/* Begin PBXResourcesBuildPhase section */
		052B70772541105100307C30 /* Resources */ = {
			isa = PBXResourcesBuildPhase;
			buildActionMask = 2147483647;
			files = (
				052B70892541105500307C30 /* LaunchScreen.storyboard in Resources */,
				052B70862541105500307C30 /* Preview Assets.xcassets in Resources */,
				052B70832541105500307C30 /* Assets.xcassets in Resources */,
			);
			runOnlyForDeploymentPostprocessing = 0;
		};
		052B708D2541105500307C30 /* Resources */ = {
			isa = PBXResourcesBuildPhase;
			buildActionMask = 2147483647;
			files = (
			);
			runOnlyForDeploymentPostprocessing = 0;
		};
		052B70982541105500307C30 /* Resources */ = {
			isa = PBXResourcesBuildPhase;
			buildActionMask = 2147483647;
			files = (
			);
			runOnlyForDeploymentPostprocessing = 0;
		};
/* End PBXResourcesBuildPhase section */

/* Begin PBXSourcesBuildPhase section */
		052B70752541105100307C30 /* Sources */ = {
			isa = PBXSourcesBuildPhase;
			buildActionMask = 2147483647;
			files = (
				052B707D2541105100307C30 /* AppDelegate.swift in Sources */,
				052B707F2541105100307C30 /* SceneDelegate.swift in Sources */,
				052B70812541105100307C30 /* ContentView.swift in Sources */,
			);
			runOnlyForDeploymentPostprocessing = 0;
		};
		052B708B2541105500307C30 /* Sources */ = {
			isa = PBXSourcesBuildPhase;
			buildActionMask = 2147483647;
			files = (
				052B70942541105500307C30 /* CodableCombineTests.swift in Sources */,
			);
			runOnlyForDeploymentPostprocessing = 0;
		};
		052B70962541105500307C30 /* Sources */ = {
			isa = PBXSourcesBuildPhase;
			buildActionMask = 2147483647;
			files = (
				052B709F2541105500307C30 /* CodableCombineUITests.swift in Sources */,
			);
			runOnlyForDeploymentPostprocessing = 0;
		};
/* End PBXSourcesBuildPhase section */

/* Begin PBXTargetDependency section */
		052B70912541105500307C30 /* PBXTargetDependency */ = {
			isa = PBXTargetDependency;
			target = 052B70782541105100307C30 /* CodableCombine */;
			targetProxy = 052B70902541105500307C30 /* PBXContainerItemProxy */;
		};
		052B709C2541105500307C30 /* PBXTargetDependency */ = {
			isa = PBXTargetDependency;
			target = 052B70782541105100307C30 /* CodableCombine */;
			targetProxy = 052B709B2541105500307C30 /* PBXContainerItemProxy */;
		};
/* End PBXTargetDependency section */

/* Begin PBXVariantGroup section */
		052B70872541105500307C30 /* LaunchScreen.storyboard */ = {
			isa = PBXVariantGroup;
			children = (
				052B70882541105500307C30 /* Base */,
			);
			name = LaunchScreen.storyboard;
			sourceTree = "<group>";
		};
/* End PBXVariantGroup section */

/* Begin XCBuildConfiguration section */
		052B70A12541105500307C30 /* Debug */ = {
			isa = XCBuildConfiguration;
			buildSettings = {
				ALWAYS_SEARCH_USER_PATHS = NO;
				CLANG_ANALYZER_NONNULL = YES;
				CLANG_ANALYZER_NUMBER_OBJECT_CONVERSION = YES_AGGRESSIVE;
				CLANG_CXX_LANGUAGE_STANDARD = "gnu++14";
				CLANG_CXX_LIBRARY = "libc++";
				CLANG_ENABLE_MODULES = YES;
				CLANG_ENABLE_OBJC_ARC = YES;
				CLANG_ENABLE_OBJC_WEAK = YES;
				CLANG_WARN_BLOCK_CAPTURE_AUTORELEASING = YES;
				CLANG_WARN_BOOL_CONVERSION = YES;
				CLANG_WARN_COMMA = YES;
				CLANG_WARN_CONSTANT_CONVERSION = YES;
				CLANG_WARN_DEPRECATED_OBJC_IMPLEMENTATIONS = YES;
				CLANG_WARN_DIRECT_OBJC_ISA_USAGE = YES_ERROR;
				CLANG_WARN_DOCUMENTATION_COMMENTS = YES;
				CLANG_WARN_EMPTY_BODY = YES;
				CLANG_WARN_ENUM_CONVERSION = YES;
				CLANG_WARN_INFINITE_RECURSION = YES;
				CLANG_WARN_INT_CONVERSION = YES;
				CLANG_WARN_NON_LITERAL_NULL_CONVERSION = YES;
				CLANG_WARN_OBJC_IMPLICIT_RETAIN_SELF = YES;
				CLANG_WARN_OBJC_LITERAL_CONVERSION = YES;
				CLANG_WARN_OBJC_ROOT_CLASS = YES_ERROR;
				CLANG_WARN_QUOTED_INCLUDE_IN_FRAMEWORK_HEADER = YES;
				CLANG_WARN_RANGE_LOOP_ANALYSIS = YES;
				CLANG_WARN_STRICT_PROTOTYPES = YES;
				CLANG_WARN_SUSPICIOUS_MOVE = YES;
				CLANG_WARN_UNGUARDED_AVAILABILITY = YES_AGGRESSIVE;
				CLANG_WARN_UNREACHABLE_CODE = YES;
				CLANG_WARN__DUPLICATE_METHOD_MATCH = YES;
				COPY_PHASE_STRIP = NO;
				DEBUG_INFORMATION_FORMAT = dwarf;
				ENABLE_STRICT_OBJC_MSGSEND = YES;
				ENABLE_TESTABILITY = YES;
				GCC_C_LANGUAGE_STANDARD = gnu11;
				GCC_DYNAMIC_NO_PIC = NO;
				GCC_NO_COMMON_BLOCKS = YES;
				GCC_OPTIMIZATION_LEVEL = 0;
				GCC_PREPROCESSOR_DEFINITIONS = (
					"DEBUG=1",
					"$(inherited)",
				);
				GCC_WARN_64_TO_32_BIT_CONVERSION = YES;
				GCC_WARN_ABOUT_RETURN_TYPE = YES_ERROR;
				GCC_WARN_UNDECLARED_SELECTOR = YES;
				GCC_WARN_UNINITIALIZED_AUTOS = YES_AGGRESSIVE;
				GCC_WARN_UNUSED_FUNCTION = YES;
				GCC_WARN_UNUSED_VARIABLE = YES;
				IPHONEOS_DEPLOYMENT_TARGET = 14.0;
				MTL_ENABLE_DEBUG_INFO = INCLUDE_SOURCE;
				MTL_FAST_MATH = YES;
				ONLY_ACTIVE_ARCH = YES;
				SDKROOT = iphoneos;
				SWIFT_ACTIVE_COMPILATION_CONDITIONS = DEBUG;
				SWIFT_OPTIMIZATION_LEVEL = "-Onone";
			};
			name = Debug;
		};
		052B70A22541105500307C30 /* Release */ = {
			isa = XCBuildConfiguration;
			buildSettings = {
				ALWAYS_SEARCH_USER_PATHS = NO;
				CLANG_ANALYZER_NONNULL = YES;
				CLANG_ANALYZER_NUMBER_OBJECT_CONVERSION = YES_AGGRESSIVE;
				CLANG_CXX_LANGUAGE_STANDARD = "gnu++14";
				CLANG_CXX_LIBRARY = "libc++";
				CLANG_ENABLE_MODULES = YES;
				CLANG_ENABLE_OBJC_ARC = YES;
				CLANG_ENABLE_OBJC_WEAK = YES;
				CLANG_WARN_BLOCK_CAPTURE_AUTORELEASING = YES;
				CLANG_WARN_BOOL_CONVERSION = YES;
				CLANG_WARN_COMMA = YES;
				CLANG_WARN_CONSTANT_CONVERSION = YES;
				CLANG_WARN_DEPRECATED_OBJC_IMPLEMENTATIONS = YES;
				CLANG_WARN_DIRECT_OBJC_ISA_USAGE = YES_ERROR;
				CLANG_WARN_DOCUMENTATION_COMMENTS = YES;
				CLANG_WARN_EMPTY_BODY = YES;
				CLANG_WARN_ENUM_CONVERSION = YES;
				CLANG_WARN_INFINITE_RECURSION = YES;
				CLANG_WARN_INT_CONVERSION = YES;
				CLANG_WARN_NON_LITERAL_NULL_CONVERSION = YES;
				CLANG_WARN_OBJC_IMPLICIT_RETAIN_SELF = YES;
				CLANG_WARN_OBJC_LITERAL_CONVERSION = YES;
				CLANG_WARN_OBJC_ROOT_CLASS = YES_ERROR;
				CLANG_WARN_QUOTED_INCLUDE_IN_FRAMEWORK_HEADER = YES;
				CLANG_WARN_RANGE_LOOP_ANALYSIS = YES;
				CLANG_WARN_STRICT_PROTOTYPES = YES;
				CLANG_WARN_SUSPICIOUS_MOVE = YES;
				CLANG_WARN_UNGUARDED_AVAILABILITY = YES_AGGRESSIVE;
				CLANG_WARN_UNREACHABLE_CODE = YES;
				CLANG_WARN__DUPLICATE_METHOD_MATCH = YES;
				COPY_PHASE_STRIP = NO;
				DEBUG_INFORMATION_FORMAT = "dwarf-with-dsym";
				ENABLE_NS_ASSERTIONS = NO;
				ENABLE_STRICT_OBJC_MSGSEND = YES;
				GCC_C_LANGUAGE_STANDARD = gnu11;
				GCC_NO_COMMON_BLOCKS = YES;
				GCC_WARN_64_TO_32_BIT_CONVERSION = YES;
				GCC_WARN_ABOUT_RETURN_TYPE = YES_ERROR;
				GCC_WARN_UNDECLARED_SELECTOR = YES;
				GCC_WARN_UNINITIALIZED_AUTOS = YES_AGGRESSIVE;
				GCC_WARN_UNUSED_FUNCTION = YES;
				GCC_WARN_UNUSED_VARIABLE = YES;
				IPHONEOS_DEPLOYMENT_TARGET = 14.0;
				MTL_ENABLE_DEBUG_INFO = NO;
				MTL_FAST_MATH = YES;
				SDKROOT = iphoneos;
				SWIFT_COMPILATION_MODE = wholemodule;
				SWIFT_OPTIMIZATION_LEVEL = "-O";
				VALIDATE_PRODUCT = YES;
			};
			name = Release;
		};
		052B70A42541105500307C30 /* Debug */ = {
			isa = XCBuildConfiguration;
			buildSettings = {
				ASSETCATALOG_COMPILER_APPICON_NAME = AppIcon;
				ASSETCATALOG_COMPILER_GLOBAL_ACCENT_COLOR_NAME = AccentColor;
				CODE_SIGN_STYLE = Automatic;
				DEVELOPMENT_ASSET_PATHS = "\"CodableCombine/Preview Content\"";
				DEVELOPMENT_TEAM = JGX8KL9J9F;
				ENABLE_PREVIEWS = YES;
				INFOPLIST_FILE = CodableCombine/Info.plist;
				LD_RUNPATH_SEARCH_PATHS = (
					"$(inherited)",
					"@executable_path/Frameworks",
				);
				PRODUCT_BUNDLE_IDENTIFIER = "com.eugene-berezin.CodableCombine";
				PRODUCT_NAME = "$(TARGET_NAME)";
				SWIFT_VERSION = 5.0;
				TARGETED_DEVICE_FAMILY = "1,2";
			};
			name = Debug;
		};
		052B70A52541105500307C30 /* Release */ = {
			isa = XCBuildConfiguration;
			buildSettings = {
				ASSETCATALOG_COMPILER_APPICON_NAME = AppIcon;
				ASSETCATALOG_COMPILER_GLOBAL_ACCENT_COLOR_NAME = AccentColor;
				CODE_SIGN_STYLE = Automatic;
				DEVELOPMENT_ASSET_PATHS = "\"CodableCombine/Preview Content\"";
				DEVELOPMENT_TEAM = JGX8KL9J9F;
				ENABLE_PREVIEWS = YES;
				INFOPLIST_FILE = CodableCombine/Info.plist;
				LD_RUNPATH_SEARCH_PATHS = (
					"$(inherited)",
					"@executable_path/Frameworks",
				);
				PRODUCT_BUNDLE_IDENTIFIER = "com.eugene-berezin.CodableCombine";
				PRODUCT_NAME = "$(TARGET_NAME)";
				SWIFT_VERSION = 5.0;
				TARGETED_DEVICE_FAMILY = "1,2";
			};
			name = Release;
		};
		052B70A72541105500307C30 /* Debug */ = {
			isa = XCBuildConfiguration;
			buildSettings = {
				ALWAYS_EMBED_SWIFT_STANDARD_LIBRARIES = YES;
				BUNDLE_LOADER = "$(TEST_HOST)";
				CODE_SIGN_STYLE = Automatic;
				DEVELOPMENT_TEAM = JGX8KL9J9F;
				INFOPLIST_FILE = CodableCombineTests/Info.plist;
				IPHONEOS_DEPLOYMENT_TARGET = 14.0;
				LD_RUNPATH_SEARCH_PATHS = (
					"$(inherited)",
					"@executable_path/Frameworks",
					"@loader_path/Frameworks",
				);
				PRODUCT_BUNDLE_IDENTIFIER = "com.eugene-berezin.CodableCombineTests";
				PRODUCT_NAME = "$(TARGET_NAME)";
				SWIFT_VERSION = 5.0;
				TARGETED_DEVICE_FAMILY = "1,2";
				TEST_HOST = "$(BUILT_PRODUCTS_DIR)/CodableCombine.app/CodableCombine";
			};
			name = Debug;
		};
		052B70A82541105500307C30 /* Release */ = {
			isa = XCBuildConfiguration;
			buildSettings = {
				ALWAYS_EMBED_SWIFT_STANDARD_LIBRARIES = YES;
				BUNDLE_LOADER = "$(TEST_HOST)";
				CODE_SIGN_STYLE = Automatic;
				DEVELOPMENT_TEAM = JGX8KL9J9F;
				INFOPLIST_FILE = CodableCombineTests/Info.plist;
				IPHONEOS_DEPLOYMENT_TARGET = 14.0;
				LD_RUNPATH_SEARCH_PATHS = (
					"$(inherited)",
					"@executable_path/Frameworks",
					"@loader_path/Frameworks",
				);
				PRODUCT_BUNDLE_IDENTIFIER = "com.eugene-berezin.CodableCombineTests";
				PRODUCT_NAME = "$(TARGET_NAME)";
				SWIFT_VERSION = 5.0;
				TARGETED_DEVICE_FAMILY = "1,2";
				TEST_HOST = "$(BUILT_PRODUCTS_DIR)/CodableCombine.app/CodableCombine";
			};
			name = Release;
		};
		052B70AA2541105500307C30 /* Debug */ = {
			isa = XCBuildConfiguration;
			buildSettings = {
				ALWAYS_EMBED_SWIFT_STANDARD_LIBRARIES = YES;
				CODE_SIGN_STYLE = Automatic;
				DEVELOPMENT_TEAM = JGX8KL9J9F;
				INFOPLIST_FILE = CodableCombineUITests/Info.plist;
				LD_RUNPATH_SEARCH_PATHS = (
					"$(inherited)",
					"@executable_path/Frameworks",
					"@loader_path/Frameworks",
				);
				PRODUCT_BUNDLE_IDENTIFIER = "com.eugene-berezin.CodableCombineUITests";
				PRODUCT_NAME = "$(TARGET_NAME)";
				SWIFT_VERSION = 5.0;
				TARGETED_DEVICE_FAMILY = "1,2";
				TEST_TARGET_NAME = CodableCombine;
			};
			name = Debug;
		};
		052B70AB2541105500307C30 /* Release */ = {
			isa = XCBuildConfiguration;
			buildSettings = {
				ALWAYS_EMBED_SWIFT_STANDARD_LIBRARIES = YES;
				CODE_SIGN_STYLE = Automatic;
				DEVELOPMENT_TEAM = JGX8KL9J9F;
				INFOPLIST_FILE = CodableCombineUITests/Info.plist;
				LD_RUNPATH_SEARCH_PATHS = (
					"$(inherited)",
					"@executable_path/Frameworks",
					"@loader_path/Frameworks",
				);
				PRODUCT_BUNDLE_IDENTIFIER = "com.eugene-berezin.CodableCombineUITests";
				PRODUCT_NAME = "$(TARGET_NAME)";
				SWIFT_VERSION = 5.0;
				TARGETED_DEVICE_FAMILY = "1,2";
				TEST_TARGET_NAME = CodableCombine;
			};
			name = Release;
		};
/* End XCBuildConfiguration section */

/* Begin XCConfigurationList section */
		052B70742541105100307C30 /* Build configuration list for PBXProject "CodableCombine" */ = {
			isa = XCConfigurationList;
			buildConfigurations = (
				052B70A12541105500307C30 /* Debug */,
				052B70A22541105500307C30 /* Release */,
			);
			defaultConfigurationIsVisible = 0;
			defaultConfigurationName = Release;
		};
		052B70A32541105500307C30 /* Build configuration list for PBXNativeTarget "CodableCombine" */ = {
			isa = XCConfigurationList;
			buildConfigurations = (
				052B70A42541105500307C30 /* Debug */,
				052B70A52541105500307C30 /* Release */,
			);
			defaultConfigurationIsVisible = 0;
			defaultConfigurationName = Release;
		};
		052B70A62541105500307C30 /* Build configuration list for PBXNativeTarget "CodableCombineTests" */ = {
			isa = XCConfigurationList;
			buildConfigurations = (
				052B70A72541105500307C30 /* Debug */,
				052B70A82541105500307C30 /* Release */,
			);
			defaultConfigurationIsVisible = 0;
			defaultConfigurationName = Release;
		};
		052B70A92541105500307C30 /* Build configuration list for PBXNativeTarget "CodableCombineUITests" */ = {
			isa = XCConfigurationList;
			buildConfigurations = (
				052B70AA2541105500307C30 /* Debug */,
				052B70AB2541105500307C30 /* Release */,
			);
			defaultConfigurationIsVisible = 0;
			defaultConfigurationName = Release;
		};
/* End XCConfigurationList section */
	};
	rootObject = 052B70712541105100307C30 /* Project object */;
}
